<?xml version="1.0" encoding="utf-8"?>
<Project ToolsVersion="4.0" xmlns="http://schemas.microsoft.com/developer/msbuild/2003">
  <ItemGroup>
    <Filter Include="core">
      <UniqueIdentifier>{4FC737F1-C7A5-4376-A066-2A32D752A2FF}</UniqueIdentifier>
      <Extensions>cpp;c;cc;cxx;def;odl;idl;hpj;bat;asm;asmx</Extensions>
    </Filter>
    <Filter Include="av">
      <UniqueIdentifier>{51c06343-bd89-4675-a8b8-bc6b26e65fa0}</UniqueIdentifier>
    </Filter>
    <Filter Include="dns">
      <UniqueIdentifier>{2fa42112-bba3-4e1f-b6dc-476b0d83d68e}</UniqueIdentifier>
    </Filter>
  </ItemGroup>
  <ItemGroup>
    <ClCompile Include="..\toxcore\assoc.c">
      <Filter>core</Filter>
    </ClCompile>
    <ClCompile Include="..\toxcore\crypto_core.c">
      <Filter>core</Filter>
    </ClCompile>
    <ClCompile Include="..\toxcore\DHT.c">
      <Filter>core</Filter>
    </ClCompile>
    <ClCompile Include="..\toxcore\friend_connection.c">
      <Filter>core</Filter>
    </ClCompile>
    <ClCompile Include="..\toxcore\friend_requests.c">
      <Filter>core</Filter>
    </ClCompile>
    <ClCompile Include="..\toxcore\group.c">
      <Filter>core</Filter>
    </ClCompile>
    <ClCompile Include="..\toxcore\LAN_discovery.c">
      <Filter>core</Filter>
    </ClCompile>
    <ClCompile Include="..\toxcore\list.c">
      <Filter>core</Filter>
    </ClCompile>
    <ClCompile Include="..\toxcore\logger.c">
      <Filter>core</Filter>
    </ClCompile>
    <ClCompile Include="..\toxcore\Messenger.c">
      <Filter>core</Filter>
    </ClCompile>
    <ClCompile Include="..\toxcore\network.c">
      <Filter>core</Filter>
    </ClCompile>
    <ClCompile Include="..\toxcore\net_crypto.c">
      <Filter>core</Filter>
    </ClCompile>
    <ClCompile Include="..\toxcore\onion.c">
      <Filter>core</Filter>
    </ClCompile>
    <ClCompile Include="..\toxcore\onion_announce.c">
      <Filter>core</Filter>
    </ClCompile>
    <ClCompile Include="..\toxcore\onion_client.c">
      <Filter>core</Filter>
    </ClCompile>
    <ClCompile Include="..\toxcore\ping.c">
      <Filter>core</Filter>
    </ClCompile>
    <ClCompile Include="..\toxcore\ping_array.c">
      <Filter>core</Filter>
    </ClCompile>
    <ClCompile Include="..\toxcore\TCP_client.c">
      <Filter>core</Filter>
    </ClCompile>
    <ClCompile Include="..\toxcore\TCP_server.c">
      <Filter>core</Filter>
    </ClCompile>
    <ClCompile Include="..\toxcore\tox.c">
      <Filter>core</Filter>
    </ClCompile>
    <ClCompile Include="..\toxcore\util.c">
      <Filter>core</Filter>
    </ClCompile>
    <ClCompile Include="..\toxav\codec.c">
      <Filter>av</Filter>
    </ClCompile>
    <ClCompile Include="..\toxav\group.c">
      <Filter>av</Filter>
    </ClCompile>
    <ClCompile Include="..\toxav\msi.c">
      <Filter>av</Filter>
    </ClCompile>
    <ClCompile Include="..\toxav\rtp.c">
      <Filter>av</Filter>
    </ClCompile>
    <ClCompile Include="..\toxav\toxav.c">
      <Filter>av</Filter>
    </ClCompile>
    <ClCompile Include="..\toxdns\toxdns.c">
      <Filter>dns</Filter>
    </ClCompile>
  </ItemGroup>
  <ItemGroup>
    <ClInclude Include="..\toxcore\assoc.h">
      <Filter>core</Filter>
    </ClInclude>
    <ClInclude Include="..\toxav\codec.h">
      <Filter>av</Filter>
    </ClInclude>
    <ClInclude Include="..\toxav\group.h">
      <Filter>av</Filter>
    </ClInclude>
    <ClInclude Include="..\toxav\msi.h">
      <Filter>av</Filter>
    </ClInclude>
    <ClInclude Include="..\toxav\rtp.h">
      <Filter>av</Filter>
    </ClInclude>
    <ClInclude Include="..\toxav\toxav.h">
      <Filter>av</Filter>
    </ClInclude>
    <ClInclude Include="..\toxcore\crypto_core.h">
      <Filter>core</Filter>
    </ClInclude>
    <ClInclude Include="..\toxcore\DHT.h">
      <Filter>core</Filter>
    </ClInclude>
    <ClInclude Include="..\toxcore\friend_connection.h">
      <Filter>core</Filter>
    </ClInclude>
    <ClInclude Include="..\toxcore\friend_requests.h">
      <Filter>core</Filter>
    </ClInclude>
    <ClInclude Include="..\toxcore\group.h">
      <Filter>core</Filter>
    </ClInclude>
    <ClInclude Include="..\toxcore\LAN_discovery.h">
      <Filter>core</Filter>
    </ClInclude>
    <ClInclude Include="..\toxcore\list.h">
      <Filter>core</Filter>
    </ClInclude>
    <ClInclude Include="..\toxcore\logger.h">
      <Filter>core</Filter>
    </ClInclude>
    <ClInclude Include="..\toxcore\Messenger.h">
      <Filter>core</Filter>
    </ClInclude>
    <ClInclude Include="..\toxcore\misc_tools.h">
      <Filter>core</Filter>
    </ClInclude>
    <ClInclude Include="..\toxcore\net_crypto.h">
      <Filter>core</Filter>
    </ClInclude>
    <ClInclude Include="..\toxcore\network.h">
      <Filter>core</Filter>
    </ClInclude>
    <ClInclude Include="..\toxcore\onion.h">
      <Filter>core</Filter>
    </ClInclude>
    <ClInclude Include="..\toxcore\onion_announce.h">
      <Filter>core</Filter>
    </ClInclude>
    <ClInclude Include="..\toxcore\onion_client.h">
      <Filter>core</Filter>
    </ClInclude>
    <ClInclude Include="..\toxcore\ping.h">
      <Filter>core</Filter>
    </ClInclude>
    <ClInclude Include="..\toxcore\ping_array.h">
      <Filter>core</Filter>
    </ClInclude>
    <ClInclude Include="..\..\pthread_win32\pthread.h">
      <Filter>core</Filter>
    </ClInclude>
    <ClInclude Include="..\toxcore\TCP_client.h">
      <Filter>core</Filter>
    </ClInclude>
    <ClInclude Include="..\toxcore\TCP_server.h">
      <Filter>core</Filter>
    </ClInclude>
    <ClInclude Include="..\toxcore\tox.h">
      <Filter>core</Filter>
    </ClInclude>
    <ClInclude Include="..\toxcore\util.h">
      <Filter>core</Filter>
    </ClInclude>
    <ClInclude Include="config.h" />
    <ClInclude Include="unistd.h" />
    <ClInclude Include="..\toxdns\toxdns.h">
      <Filter>dns</Filter>
    </ClInclude>
  </ItemGroup>
</Project>