<?xml version="1.0" encoding="utf-8"?>
<Project ToolsVersion="4.0" xmlns="http://schemas.microsoft.com/developer/msbuild/2003">
  <ItemGroup>
    <Filter Include="vpx">
      <UniqueIdentifier>{4FC737F1-C7A5-4376-A066-2A32D752A2FF}</UniqueIdentifier>
      <Extensions>cpp;c;cc;cxx;def;odl;idl;hpj;bat;asm;asmx</Extensions>
    </Filter>
    <Filter Include="vp8">
      <UniqueIdentifier>{347246aa-f357-46d3-9f22-bc4ec22c1c99}</UniqueIdentifier>
    </Filter>
    <Filter Include="vp8\encoder">
      <UniqueIdentifier>{d4d4bf54-6e8d-42db-9d34-d2bb928401dc}</UniqueIdentifier>
    </Filter>
    <Filter Include="vp8\decoder">
      <UniqueIdentifier>{1160e8a7-cde5-4b11-9de5-c48a719084b1}</UniqueIdentifier>
    </Filter>
    <Filter Include="vp8\common">
      <UniqueIdentifier>{af0586e3-ea92-4cae-8576-434070233cd1}</UniqueIdentifier>
    </Filter>
    <Filter Include="vpx_scale">
      <UniqueIdentifier>{1c79a855-3658-41d4-b8c0-b77407889b69}</UniqueIdentifier>
    </Filter>
    <Filter Include="vp8\common\asm">
      <UniqueIdentifier>{02d2cc20-4e6e-490e-bd5e-e0c5b62ec6e6}</UniqueIdentifier>
    </Filter>
    <Filter Include="vp8\encoder\asm">
      <UniqueIdentifier>{3d27d0b6-5a9a-4d54-b6a7-49a26d5b95d2}</UniqueIdentifier>
    </Filter>
    <Filter Include="vpx_ports">
      <UniqueIdentifier>{c43a8d6f-4010-4851-9ac6-dc465039fec8}</UniqueIdentifier>
    </Filter>
    <Filter Include="vp8\common\generic">
      <UniqueIdentifier>{4bc9db33-ab1b-459b-ad70-65dd6d8e6c18}</UniqueIdentifier>
    </Filter>
    <Filter Include="vpx_mem">
      <UniqueIdentifier>{b280c0f9-990a-439d-98e9-a228ebd17d0a}</UniqueIdentifier>
    </Filter>
  </ItemGroup>
  <ItemGroup>
    <ClCompile Include="vpx\src\svc_encodeframe.c">
      <Filter>vpx</Filter>
    </ClCompile>
    <ClCompile Include="vpx\src\vpx_codec.c">
      <Filter>vpx</Filter>
    </ClCompile>
    <ClCompile Include="vpx\src\vpx_decoder.c">
      <Filter>vpx</Filter>
    </ClCompile>
    <ClCompile Include="vpx\src\vpx_encoder.c">
      <Filter>vpx</Filter>
    </ClCompile>
    <ClCompile Include="vpx\src\vpx_image.c">
      <Filter>vpx</Filter>
    </ClCompile>
    <ClCompile Include="vpx\src\vpx_psnr.c">
      <Filter>vpx</Filter>
    </ClCompile>
    <ClCompile Include="vp8\vp8_cx_iface.c">
      <Filter>vp8</Filter>
    </ClCompile>
    <ClCompile Include="vp8\vp8_dx_iface.c">
      <Filter>vp8</Filter>
    </ClCompile>
    <ClCompile Include="vp8\common\alloccommon.c">
      <Filter>vp8\common</Filter>
    </ClCompile>
    <ClCompile Include="vp8\common\blockd.c">
      <Filter>vp8\common</Filter>
    </ClCompile>
    <ClCompile Include="vp8\common\context.c">
      <Filter>vp8\common</Filter>
    </ClCompile>
    <ClCompile Include="vp8\common\debugmodes.c">
      <Filter>vp8\common</Filter>
    </ClCompile>
    <ClCompile Include="vp8\common\dequantize.c">
      <Filter>vp8\common</Filter>
    </ClCompile>
    <ClCompile Include="vp8\common\entropy.c">
      <Filter>vp8\common</Filter>
    </ClCompile>
    <ClCompile Include="vp8\common\entropymode.c">
      <Filter>vp8\common</Filter>
    </ClCompile>
    <ClCompile Include="vp8\common\entropymv.c">
      <Filter>vp8\common</Filter>
    </ClCompile>
    <ClCompile Include="vp8\common\extend.c">
      <Filter>vp8\common</Filter>
    </ClCompile>
    <ClCompile Include="vp8\common\filter.c">
      <Filter>vp8\common</Filter>
    </ClCompile>
    <ClCompile Include="vp8\common\findnearmv.c">
      <Filter>vp8\common</Filter>
    </ClCompile>
    <ClCompile Include="vp8\common\idct_blk.c">
      <Filter>vp8\common</Filter>
    </ClCompile>
    <ClCompile Include="vp8\common\idctllm.c">
      <Filter>vp8\common</Filter>
    </ClCompile>
    <ClCompile Include="vp8\common\loopfilter.c">
      <Filter>vp8\common</Filter>
    </ClCompile>
    <ClCompile Include="vp8\common\loopfilter_filters.c">
      <Filter>vp8\common</Filter>
    </ClCompile>
    <ClCompile Include="vp8\common\mbpitch.c">
      <Filter>vp8\common</Filter>
    </ClCompile>
    <ClCompile Include="vp8\common\mfqe.c">
      <Filter>vp8\common</Filter>
    </ClCompile>
    <ClCompile Include="vp8\common\modecont.c">
      <Filter>vp8\common</Filter>
    </ClCompile>
    <ClCompile Include="vp8\common\postproc.c">
      <Filter>vp8\common</Filter>
    </ClCompile>
    <ClCompile Include="vp8\common\quant_common.c">
      <Filter>vp8\common</Filter>
    </ClCompile>
    <ClCompile Include="vp8\common\reconinter.c">
      <Filter>vp8\common</Filter>
    </ClCompile>
    <ClCompile Include="vp8\common\reconintra.c">
      <Filter>vp8\common</Filter>
    </ClCompile>
    <ClCompile Include="vp8\common\reconintra4x4.c">
      <Filter>vp8\common</Filter>
    </ClCompile>
    <ClCompile Include="vp8\common\rtcd.c">
      <Filter>vp8\common</Filter>
    </ClCompile>
    <ClCompile Include="vp8\common\sad_c.c">
      <Filter>vp8\common</Filter>
    </ClCompile>
    <ClCompile Include="vp8\common\setupintrarecon.c">
      <Filter>vp8\common</Filter>
    </ClCompile>
    <ClCompile Include="vp8\common\swapyv12buffer.c">
      <Filter>vp8\common</Filter>
    </ClCompile>
    <ClCompile Include="vp8\common\textblit.c">
      <Filter>vp8\common</Filter>
    </ClCompile>
    <ClCompile Include="vp8\common\treecoder.c">
      <Filter>vp8\common</Filter>
    </ClCompile>
    <ClCompile Include="vp8\common\variance_c.c">
      <Filter>vp8\common</Filter>
    </ClCompile>
    <ClCompile Include="vp8\decoder\dboolhuff.c">
      <Filter>vp8\decoder</Filter>
    </ClCompile>
    <ClCompile Include="vp8\decoder\decodeframe.c">
      <Filter>vp8\decoder</Filter>
    </ClCompile>
    <ClCompile Include="vp8\decoder\decodemv.c">
      <Filter>vp8\decoder</Filter>
    </ClCompile>
    <ClCompile Include="vp8\decoder\detokenize.c">
      <Filter>vp8\decoder</Filter>
    </ClCompile>
    <ClCompile Include="vp8\decoder\onyxd_if.c">
      <Filter>vp8\decoder</Filter>
    </ClCompile>
    <ClCompile Include="vp8\decoder\threading.c">
      <Filter>vp8\decoder</Filter>
    </ClCompile>
    <ClCompile Include="vp8\encoder\bitstream.c">
      <Filter>vp8\encoder</Filter>
    </ClCompile>
    <ClCompile Include="vp8\encoder\boolhuff.c">
      <Filter>vp8\encoder</Filter>
    </ClCompile>
    <ClCompile Include="vp8\encoder\dct.c">
      <Filter>vp8\encoder</Filter>
    </ClCompile>
    <ClCompile Include="vp8\encoder\denoising.c">
      <Filter>vp8\encoder</Filter>
    </ClCompile>
    <ClCompile Include="vp8\encoder\encodeframe.c">
      <Filter>vp8\encoder</Filter>
    </ClCompile>
    <ClCompile Include="vp8\encoder\encodeintra.c">
      <Filter>vp8\encoder</Filter>
    </ClCompile>
    <ClCompile Include="vp8\encoder\encodemb.c">
      <Filter>vp8\encoder</Filter>
    </ClCompile>
    <ClCompile Include="vp8\encoder\encodemv.c">
      <Filter>vp8\encoder</Filter>
    </ClCompile>
    <ClCompile Include="vp8\encoder\ethreading.c">
      <Filter>vp8\encoder</Filter>
    </ClCompile>
    <ClCompile Include="vp8\encoder\firstpass.c">
      <Filter>vp8\encoder</Filter>
    </ClCompile>
    <ClCompile Include="vp8\encoder\lookahead.c">
      <Filter>vp8\encoder</Filter>
    </ClCompile>
    <ClCompile Include="vp8\encoder\mcomp.c">
      <Filter>vp8\encoder</Filter>
    </ClCompile>
    <ClCompile Include="vp8\encoder\modecosts.c">
      <Filter>vp8\encoder</Filter>
    </ClCompile>
    <ClCompile Include="vp8\encoder\onyx_if.c">
      <Filter>vp8\encoder</Filter>
    </ClCompile>
    <ClCompile Include="vp8\encoder\pickinter.c">
      <Filter>vp8\encoder</Filter>
    </ClCompile>
    <ClCompile Include="vp8\encoder\picklpf.c">
      <Filter>vp8\encoder</Filter>
    </ClCompile>
    <ClCompile Include="vp8\encoder\quantize.c">
      <Filter>vp8\encoder</Filter>
    </ClCompile>
    <ClCompile Include="vp8\encoder\ratectrl.c">
      <Filter>vp8\encoder</Filter>
    </ClCompile>
    <ClCompile Include="vp8\encoder\rdopt.c">
      <Filter>vp8\encoder</Filter>
    </ClCompile>
    <ClCompile Include="vp8\encoder\segmentation.c">
      <Filter>vp8\encoder</Filter>
    </ClCompile>
    <ClCompile Include="vp8\encoder\temporal_filter.c">
      <Filter>vp8\encoder</Filter>
    </ClCompile>
    <ClCompile Include="vp8\encoder\tokenize.c">
      <Filter>vp8\encoder</Filter>
    </ClCompile>
    <ClCompile Include="vp8\encoder\treewriter.c">
      <Filter>vp8\encoder</Filter>
    </ClCompile>
    <ClCompile Include="vp8\encoder\vp8_asm_enc_offsets.c">
      <Filter>vp8\encoder</Filter>
    </ClCompile>
    <ClCompile Include="vpx_scale\vpx_scale_rtcd.c">
      <Filter>vpx_scale</Filter>
    </ClCompile>
    <ClCompile Include="vpx_scale\generic\gen_scalers.c">
      <Filter>vpx_scale</Filter>
    </ClCompile>
    <ClCompile Include="vpx_scale\generic\vpx_scale.c">
      <Filter>vpx_scale</Filter>
    </ClCompile>
    <ClCompile Include="vpx_scale\generic\yv12config.c">
      <Filter>vpx_scale</Filter>
    </ClCompile>
    <ClCompile Include="vpx_scale\generic\yv12extend.c">
      <Filter>vpx_scale</Filter>
    </ClCompile>
    <ClCompile Include="vp8\common\x86\filter_x86.c">
      <Filter>vp8\common\asm</Filter>
    </ClCompile>
    <ClCompile Include="vp8\common\x86\idct_blk_mmx.c">
      <Filter>vp8\common\asm</Filter>
    </ClCompile>
    <ClCompile Include="vp8\common\x86\idct_blk_sse2.c">
      <Filter>vp8\common\asm</Filter>
    </ClCompile>
    <ClCompile Include="vp8\common\x86\loopfilter_x86.c">
      <Filter>vp8\common\asm</Filter>
    </ClCompile>
    <ClCompile Include="vp8\common\x86\recon_wrapper_sse2.c">
      <Filter>vp8\common\asm</Filter>
    </ClCompile>
    <ClCompile Include="vp8\common\x86\variance_mmx.c">
      <Filter>vp8\common\asm</Filter>
    </ClCompile>
    <ClCompile Include="vp8\common\x86\variance_sse2.c">
      <Filter>vp8\common\asm</Filter>
    </ClCompile>
    <ClCompile Include="vp8\common\x86\variance_ssse3.c">
      <Filter>vp8\common\asm</Filter>
    </ClCompile>
    <ClCompile Include="vp8\common\x86\vp8_asm_stubs.c">
      <Filter>vp8\common\asm</Filter>
    </ClCompile>
    <ClCompile Include="vp8\encoder\x86\denoising_sse2.c">
      <Filter>vp8\encoder\asm</Filter>
    </ClCompile>
    <ClCompile Include="vp8\encoder\x86\quantize_sse2.c">
      <Filter>vp8\encoder\asm</Filter>
    </ClCompile>
    <ClCompile Include="vp8\encoder\x86\quantize_sse4.c">
      <Filter>vp8\encoder\asm</Filter>
    </ClCompile>
    <ClCompile Include="vp8\encoder\x86\quantize_ssse3.c">
      <Filter>vp8\encoder\asm</Filter>
    </ClCompile>
    <ClCompile Include="vp8\encoder\x86\vp8_enc_stubs_mmx.c">
      <Filter>vp8\encoder\asm</Filter>
    </ClCompile>
    <ClCompile Include="vp8\encoder\x86\vp8_enc_stubs_sse2.c">
      <Filter>vp8\encoder\asm</Filter>
    </ClCompile>
    <ClCompile Include="vp8\common\generic\systemdependent.c">
      <Filter>vp8\common\generic</Filter>
    </ClCompile>
    <ClCompile Include="vpx_mem\vpx_mem.c">
      <Filter>vpx_mem</Filter>
    </ClCompile>
    <ClCompile Include="vpx_mem\vpx_mem_tracker.c">
      <Filter>vpx_mem</Filter>
    </ClCompile>
  </ItemGroup>
  <ItemGroup>
    <ClInclude Include="vpx_config.h" />
    <ClInclude Include="vpx_version.h" />
    <ClInclude Include="vp8_rtcd.h" />
    <ClInclude Include="vp8\common\alloccommon.h">
      <Filter>vp8\common</Filter>
    </ClInclude>
    <ClInclude Include="vp8\common\blockd.h">
      <Filter>vp8\common</Filter>
    </ClInclude>
    <ClInclude Include="vp8\common\coefupdateprobs.h">
      <Filter>vp8\common</Filter>
    </ClInclude>
    <ClInclude Include="vp8\common\common.h">
      <Filter>vp8\common</Filter>
    </ClInclude>
    <ClInclude Include="vp8\common\default_coef_probs.h">
      <Filter>vp8\common</Filter>
    </ClInclude>
    <ClInclude Include="vp8\common\entropy.h">
      <Filter>vp8\common</Filter>
    </ClInclude>
    <ClInclude Include="vp8\common\entropymode.h">
      <Filter>vp8\common</Filter>
    </ClInclude>
    <ClInclude Include="vp8\common\entropymv.h">
      <Filter>vp8\common</Filter>
    </ClInclude>
    <ClInclude Include="vp8\common\extend.h">
      <Filter>vp8\common</Filter>
    </ClInclude>
    <ClInclude Include="vp8\common\filter.h">
      <Filter>vp8\common</Filter>
    </ClInclude>
    <ClInclude Include="vp8\common\findnearmv.h">
      <Filter>vp8\common</Filter>
    </ClInclude>
    <ClInclude Include="vp8\common\header.h">
      <Filter>vp8\common</Filter>
    </ClInclude>
    <ClInclude Include="vp8\common\invtrans.h">
      <Filter>vp8\common</Filter>
    </ClInclude>
    <ClInclude Include="vp8\common\loopfilter.h">
      <Filter>vp8\common</Filter>
    </ClInclude>
    <ClInclude Include="vp8\common\modecont.h">
      <Filter>vp8\common</Filter>
    </ClInclude>
    <ClInclude Include="vp8\common\mv.h">
      <Filter>vp8\common</Filter>
    </ClInclude>
    <ClInclude Include="vp8\common\onyx.h">
      <Filter>vp8\common</Filter>
    </ClInclude>
    <ClInclude Include="vp8\common\onyxc_int.h">
      <Filter>vp8\common</Filter>
    </ClInclude>
    <ClInclude Include="vp8\common\onyxd.h">
      <Filter>vp8\common</Filter>
    </ClInclude>
    <ClInclude Include="vp8\common\postproc.h">
      <Filter>vp8\common</Filter>
    </ClInclude>
    <ClInclude Include="vp8\common\ppflags.h">
      <Filter>vp8\common</Filter>
    </ClInclude>
    <ClInclude Include="vp8\common\quant_common.h">
      <Filter>vp8\common</Filter>
    </ClInclude>
    <ClInclude Include="vp8\common\reconinter.h">
      <Filter>vp8\common</Filter>
    </ClInclude>
    <ClInclude Include="vp8\common\reconintra4x4.h">
      <Filter>vp8\common</Filter>
    </ClInclude>
    <ClInclude Include="vp8\common\setupintrarecon.h">
      <Filter>vp8\common</Filter>
    </ClInclude>
    <ClInclude Include="vp8\common\swapyv12buffer.h">
      <Filter>vp8\common</Filter>
    </ClInclude>
    <ClInclude Include="vp8\common\systemdependent.h">
      <Filter>vp8\common</Filter>
    </ClInclude>
    <ClInclude Include="vp8\common\threading.h">
      <Filter>vp8\common</Filter>
    </ClInclude>
    <ClInclude Include="vp8\common\treecoder.h">
      <Filter>vp8\common</Filter>
    </ClInclude>
    <ClInclude Include="vp8\common\variance.h">
      <Filter>vp8\common</Filter>
    </ClInclude>
    <ClInclude Include="vp8\common\vp8_entropymodedata.h">
      <Filter>vp8\common</Filter>
    </ClInclude>
    <ClInclude Include="vp8\decoder\dboolhuff.h">
      <Filter>vp8\decoder</Filter>
    </ClInclude>
    <ClInclude Include="vp8\decoder\decodemv.h">
      <Filter>vp8\decoder</Filter>
    </ClInclude>
    <ClInclude Include="vp8\decoder\decoderthreading.h">
      <Filter>vp8\decoder</Filter>
    </ClInclude>
    <ClInclude Include="vp8\decoder\detokenize.h">
      <Filter>vp8\decoder</Filter>
    </ClInclude>
    <ClInclude Include="vp8\decoder\ec_types.h">
      <Filter>vp8\decoder</Filter>
    </ClInclude>
    <ClInclude Include="vp8\decoder\onyxd_int.h">
      <Filter>vp8\decoder</Filter>
    </ClInclude>
    <ClInclude Include="vp8\decoder\treereader.h">
      <Filter>vp8\decoder</Filter>
    </ClInclude>
    <ClInclude Include="vp8\encoder\bitstream.h">
      <Filter>vp8\encoder</Filter>
    </ClInclude>
    <ClInclude Include="vp8\encoder\block.h">
      <Filter>vp8\encoder</Filter>
    </ClInclude>
    <ClInclude Include="vp8\encoder\boolhuff.h">
      <Filter>vp8\encoder</Filter>
    </ClInclude>
    <ClInclude Include="vp8\encoder\dct_value_cost.h">
      <Filter>vp8\encoder</Filter>
    </ClInclude>
    <ClInclude Include="vp8\encoder\dct_value_tokens.h">
      <Filter>vp8\encoder</Filter>
    </ClInclude>
    <ClInclude Include="vp8\encoder\defaultcoefcounts.h">
      <Filter>vp8\encoder</Filter>
    </ClInclude>
    <ClInclude Include="vp8\encoder\denoising.h">
      <Filter>vp8\encoder</Filter>
    </ClInclude>
    <ClInclude Include="vp8\encoder\encodeframe.h">
      <Filter>vp8\encoder</Filter>
    </ClInclude>
    <ClInclude Include="vp8\encoder\encodeintra.h">
      <Filter>vp8\encoder</Filter>
    </ClInclude>
    <ClInclude Include="vp8\encoder\encodemb.h">
      <Filter>vp8\encoder</Filter>
    </ClInclude>
    <ClInclude Include="vp8\encoder\encodemv.h">
      <Filter>vp8\encoder</Filter>
    </ClInclude>
    <ClInclude Include="vp8\encoder\firstpass.h">
      <Filter>vp8\encoder</Filter>
    </ClInclude>
    <ClInclude Include="vp8\encoder\lookahead.h">
      <Filter>vp8\encoder</Filter>
    </ClInclude>
    <ClInclude Include="vp8\encoder\mcomp.h">
      <Filter>vp8\encoder</Filter>
    </ClInclude>
    <ClInclude Include="vp8\encoder\modecosts.h">
      <Filter>vp8\encoder</Filter>
    </ClInclude>
    <ClInclude Include="vp8\encoder\onyx_int.h">
      <Filter>vp8\encoder</Filter>
    </ClInclude>
    <ClInclude Include="vp8\encoder\pickinter.h">
      <Filter>vp8\encoder</Filter>
    </ClInclude>
    <ClInclude Include="vp8\encoder\quantize.h">
      <Filter>vp8\encoder</Filter>
    </ClInclude>
    <ClInclude Include="vp8\encoder\ratectrl.h">
      <Filter>vp8\encoder</Filter>
    </ClInclude>
    <ClInclude Include="vp8\encoder\rdopt.h">
      <Filter>vp8\encoder</Filter>
    </ClInclude>
    <ClInclude Include="vp8\encoder\segmentation.h">
      <Filter>vp8\encoder</Filter>
    </ClInclude>
    <ClInclude Include="vp8\encoder\tokenize.h">
      <Filter>vp8\encoder</Filter>
    </ClInclude>
    <ClInclude Include="vp8\encoder\treewriter.h">
      <Filter>vp8\encoder</Filter>
    </ClInclude>
    <ClInclude Include="vp8\common\x86\filter_x86.h">
      <Filter>vp8\common\asm</Filter>
    </ClInclude>
    <ClInclude Include="vpx_mem\vpx_mem.h">
      <Filter>vpx_mem</Filter>
    </ClInclude>
  </ItemGroup>
  <ItemGroup>
    <CustomBuild Include="vp8\common\x86\dequantize_mmx.asm">
      <Filter>vp8\common\asm</Filter>
    </CustomBuild>
    <CustomBuild Include="vp8\common\x86\idctllm_mmx.asm">
      <Filter>vp8\common\asm</Filter>
    </CustomBuild>
    <CustomBuild Include="vp8\common\x86\idctllm_sse2.asm">
      <Filter>vp8\common\asm</Filter>
    </CustomBuild>
    <CustomBuild Include="vp8\common\x86\iwalsh_mmx.asm">
      <Filter>vp8\common\asm</Filter>
    </CustomBuild>
    <CustomBuild Include="vp8\common\x86\iwalsh_sse2.asm">
      <Filter>vp8\common\asm</Filter>
    </CustomBuild>
    <CustomBuild Include="vp8\common\x86\loopfilter_block_sse2_x86_64.asm">
      <Filter>vp8\common\asm</Filter>
    </CustomBuild>
    <CustomBuild Include="vp8\common\x86\loopfilter_mmx.asm">
      <Filter>vp8\common\asm</Filter>
    </CustomBuild>
    <CustomBuild Include="vp8\common\x86\loopfilter_sse2.asm">
      <Filter>vp8\common\asm</Filter>
    </CustomBuild>
    <CustomBuild Include="vp8\common\x86\mfqe_sse2.asm">
      <Filter>vp8\common\asm</Filter>
    </CustomBuild>
    <CustomBuild Include="vp8\common\x86\postproc_mmx.asm">
      <Filter>vp8\common\asm</Filter>
    </CustomBuild>
    <CustomBuild Include="vp8\common\x86\postproc_sse2.asm">
      <Filter>vp8\common\asm</Filter>
    </CustomBuild>
    <CustomBuild Include="vp8\common\x86\recon_mmx.asm">
      <Filter>vp8\common\asm</Filter>
    </CustomBuild>
    <CustomBuild Include="vp8\common\x86\recon_sse2.asm">
      <Filter>vp8\common\asm</Filter>
    </CustomBuild>
    <CustomBuild Include="vp8\common\x86\sad_mmx.asm">
      <Filter>vp8\common\asm</Filter>
    </CustomBuild>
    <CustomBuild Include="vp8\common\x86\sad_sse2.asm">
      <Filter>vp8\common\asm</Filter>
    </CustomBuild>
    <CustomBuild Include="vp8\common\x86\sad_sse3.asm">
      <Filter>vp8\common\asm</Filter>
    </CustomBuild>
    <CustomBuild Include="vp8\common\x86\sad_sse4.asm">
      <Filter>vp8\common\asm</Filter>
    </CustomBuild>
    <CustomBuild Include="vp8\common\x86\sad_ssse3.asm">
      <Filter>vp8\common\asm</Filter>
    </CustomBuild>
    <CustomBuild Include="vp8\common\x86\subpixel_mmx.asm">
      <Filter>vp8\common\asm</Filter>
    </CustomBuild>
    <CustomBuild Include="vp8\common\x86\subpixel_sse2.asm">
      <Filter>vp8\common\asm</Filter>
    </CustomBuild>
    <CustomBuild Include="vp8\common\x86\subpixel_ssse3.asm">
      <Filter>vp8\common\asm</Filter>
    </CustomBuild>
    <CustomBuild Include="vp8\common\x86\variance_impl_mmx.asm">
      <Filter>vp8\common\asm</Filter>
    </CustomBuild>
    <CustomBuild Include="vp8\common\x86\variance_impl_sse2.asm">
      <Filter>vp8\common\asm</Filter>
    </CustomBuild>
    <CustomBuild Include="vp8\common\x86\variance_impl_ssse3.asm">
      <Filter>vp8\common\asm</Filter>
    </CustomBuild>
    <CustomBuild Include="vp8\encoder\x86\dct_mmx.asm">
      <Filter>vp8\encoder\asm</Filter>
    </CustomBuild>
    <CustomBuild Include="vp8\encoder\x86\dct_sse2.asm">
      <Filter>vp8\encoder\asm</Filter>
    </CustomBuild>
    <CustomBuild Include="vp8\encoder\x86\encodeopt.asm">
      <Filter>vp8\encoder\asm</Filter>
    </CustomBuild>
    <CustomBuild Include="vp8\encoder\x86\fwalsh_sse2.asm">
      <Filter>vp8\encoder\asm</Filter>
    </CustomBuild>
    <CustomBuild Include="vp8\encoder\x86\quantize_mmx.asm">
      <Filter>vp8\encoder\asm</Filter>
    </CustomBuild>
    <CustomBuild Include="vp8\encoder\x86\ssim_opt_x86_64.asm">
      <Filter>vp8\encoder\asm</Filter>
    </CustomBuild>
    <CustomBuild Include="vp8\encoder\x86\subtract_mmx.asm">
      <Filter>vp8\encoder\asm</Filter>
    </CustomBuild>
    <CustomBuild Include="vp8\encoder\x86\subtract_sse2.asm">
      <Filter>vp8\encoder\asm</Filter>
    </CustomBuild>
    <CustomBuild Include="vp8\encoder\x86\temporal_filter_apply_sse2.asm">
      <Filter>vp8\encoder\asm</Filter>
    </CustomBuild>
    <CustomBuild Include="vpx_ports\emms.asm">
      <Filter>vpx_ports</Filter>
    </CustomBuild>
  </ItemGroup>
</Project>